// !$*UTF8*$!
{
	archiveVersion = 1;
	classes = {
	};
	objectVersion = 55;
	objects = {

/* Begin PBXBuildFile section */
		37B38D6A285484FE00C649F1 /* XodiViewController.swift in Sources */ = {isa = PBXBuildFile; fileRef = 37B38D69285484FE00C649F1 /* XodiViewController.swift */; };
		37B38D6E285485C200C649F1 /* XodiCollectionViewCell.swift in Sources */ = {isa = PBXBuildFile; fileRef = 37B38D6D285485C200C649F1 /* XodiCollectionViewCell.swift */; };
		37B38D702854871E00C649F1 /* XodiPlayTypeView.swift in Sources */ = {isa = PBXBuildFile; fileRef = 37B38D6F2854871E00C649F1 /* XodiPlayTypeView.swift */; };
		37B38D722854875800C649F1 /* XodiPatternView.swift in Sources */ = {isa = PBXBuildFile; fileRef = 37B38D712854875800C649F1 /* XodiPatternView.swift */; };
		CDF3746D283B85A100AD8E72 /* AppDelegate.swift in Sources */ = {isa = PBXBuildFile; fileRef = CDF3746C283B85A100AD8E72 /* AppDelegate.swift */; };
		CDF3746F283B85A100AD8E72 /* SceneDelegate.swift in Sources */ = {isa = PBXBuildFile; fileRef = CDF3746E283B85A100AD8E72 /* SceneDelegate.swift */; };
		CDF37471283B85A100AD8E72 /* ViewController.swift in Sources */ = {isa = PBXBuildFile; fileRef = CDF37470283B85A100AD8E72 /* ViewController.swift */; };
		CDF37474283B85A100AD8E72 /* Main.storyboard in Resources */ = {isa = PBXBuildFile; fileRef = CDF37472283B85A100AD8E72 /* Main.storyboard */; };
		CDF37476283B85A200AD8E72 /* Assets.xcassets in Resources */ = {isa = PBXBuildFile; fileRef = CDF37475283B85A200AD8E72 /* Assets.xcassets */; };
		CDF37479283B85A200AD8E72 /* LaunchScreen.storyboard in Resources */ = {isa = PBXBuildFile; fileRef = CDF37477283B85A200AD8E72 /* LaunchScreen.storyboard */; };
		CDF37483283B85C600AD8E72 /* SnapKit in Frameworks */ = {isa = PBXBuildFile; productRef = CDF37482283B85C600AD8E72 /* SnapKit */; };
		CDF37486283B85E000AD8E72 /* RxCocoa in Frameworks */ = {isa = PBXBuildFile; productRef = CDF37485283B85E000AD8E72 /* RxCocoa */; };
		CDF37488283B85E000AD8E72 /* RxSwift in Frameworks */ = {isa = PBXBuildFile; productRef = CDF37487283B85E000AD8E72 /* RxSwift */; };
		CDF3748B283B87D300AD8E72 /* Operators.swift in Sources */ = {isa = PBXBuildFile; fileRef = CDF3748A283B87D300AD8E72 /* Operators.swift */; };
		CDF3748E283B8A4700AD8E72 /* Cell+Ext.swift in Sources */ = {isa = PBXBuildFile; fileRef = CDF3748D283B8A4700AD8E72 /* Cell+Ext.swift */; };
		CDF37490283C81A600AD8E72 /* DemoList.swift in Sources */ = {isa = PBXBuildFile; fileRef = CDF3748F283C81A600AD8E72 /* DemoList.swift */; };
		CDF37495283C86C300AD8E72 /* InfiniteCollectionView.swift in Sources */ = {isa = PBXBuildFile; fileRef = CDF37494283C86C300AD8E72 /* InfiniteCollectionView.swift */; };
		CDF37497283CA2CB00AD8E72 /* DemoInfiniteCollectionViewController.swift in Sources */ = {isa = PBXBuildFile; fileRef = CDF37496283CA2CB00AD8E72 /* DemoInfiniteCollectionViewController.swift */; };
		CDF3749A283DD10700AD8E72 /* BlinkGridView.swift in Sources */ = {isa = PBXBuildFile; fileRef = CDF37499283DD10700AD8E72 /* BlinkGridView.swift */; };
		CDF3749C283DD3AF00AD8E72 /* DemoBlinkGridViewController.swift in Sources */ = {isa = PBXBuildFile; fileRef = CDF3749B283DD3AF00AD8E72 /* DemoBlinkGridViewController.swift */; };
		CDF3749F283F595900AD8E72 /* PageSegmentView.swift in Sources */ = {isa = PBXBuildFile; fileRef = CDF3749E283F595900AD8E72 /* PageSegmentView.swift */; };
		CDF374A1283F598500AD8E72 /* PageView.swift in Sources */ = {isa = PBXBuildFile; fileRef = CDF374A0283F598500AD8E72 /* PageView.swift */; };
		CDF374A3283F605400AD8E72 /* PageSegmentCollectionViewCell.swift in Sources */ = {isa = PBXBuildFile; fileRef = CDF374A2283F605400AD8E72 /* PageSegmentCollectionViewCell.swift */; };
		CDF374A7284080F700AD8E72 /* DemoPageContainerViewController.swift in Sources */ = {isa = PBXBuildFile; fileRef = CDF374A6284080F700AD8E72 /* DemoPageContainerViewController.swift */; };
/* End PBXBuildFile section */

/* Begin PBXFileReference section */
		37B38D69285484FE00C649F1 /* XodiViewController.swift */ = {isa = PBXFileReference; lastKnownFileType = sourcecode.swift; path = XodiViewController.swift; sourceTree = "<group>"; };
		37B38D6D285485C200C649F1 /* XodiCollectionViewCell.swift */ = {isa = PBXFileReference; lastKnownFileType = sourcecode.swift; path = XodiCollectionViewCell.swift; sourceTree = "<group>"; };
		37B38D6F2854871E00C649F1 /* XodiPlayTypeView.swift */ = {isa = PBXFileReference; lastKnownFileType = sourcecode.swift; path = XodiPlayTypeView.swift; sourceTree = "<group>"; };
		37B38D712854875800C649F1 /* XodiPatternView.swift */ = {isa = PBXFileReference; lastKnownFileType = sourcecode.swift; path = XodiPatternView.swift; sourceTree = "<group>"; };
		CDF37469283B85A100AD8E72 /* CannedSpinach.app */ = {isa = PBXFileReference; explicitFileType = wrapper.application; includeInIndex = 0; path = CannedSpinach.app; sourceTree = BUILT_PRODUCTS_DIR; };
		CDF3746C283B85A100AD8E72 /* AppDelegate.swift */ = {isa = PBXFileReference; lastKnownFileType = sourcecode.swift; path = AppDelegate.swift; sourceTree = "<group>"; };
		CDF3746E283B85A100AD8E72 /* SceneDelegate.swift */ = {isa = PBXFileReference; lastKnownFileType = sourcecode.swift; path = SceneDelegate.swift; sourceTree = "<group>"; };
		CDF37470283B85A100AD8E72 /* ViewController.swift */ = {isa = PBXFileReference; lastKnownFileType = sourcecode.swift; path = ViewController.swift; sourceTree = "<group>"; };
		CDF37473283B85A100AD8E72 /* Base */ = {isa = PBXFileReference; lastKnownFileType = file.storyboard; name = Base; path = Base.lproj/Main.storyboard; sourceTree = "<group>"; };
		CDF37475283B85A200AD8E72 /* Assets.xcassets */ = {isa = PBXFileReference; lastKnownFileType = folder.assetcatalog; path = Assets.xcassets; sourceTree = "<group>"; };
		CDF37478283B85A200AD8E72 /* Base */ = {isa = PBXFileReference; lastKnownFileType = file.storyboard; name = Base; path = Base.lproj/LaunchScreen.storyboard; sourceTree = "<group>"; };
		CDF3747A283B85A200AD8E72 /* Info.plist */ = {isa = PBXFileReference; lastKnownFileType = text.plist.xml; path = Info.plist; sourceTree = "<group>"; };
		CDF3748A283B87D300AD8E72 /* Operators.swift */ = {isa = PBXFileReference; lastKnownFileType = sourcecode.swift; path = Operators.swift; sourceTree = "<group>"; };
		CDF3748D283B8A4700AD8E72 /* Cell+Ext.swift */ = {isa = PBXFileReference; lastKnownFileType = sourcecode.swift; path = "Cell+Ext.swift"; sourceTree = "<group>"; };
		CDF3748F283C81A600AD8E72 /* DemoList.swift */ = {isa = PBXFileReference; lastKnownFileType = sourcecode.swift; path = DemoList.swift; sourceTree = "<group>"; };
		CDF37494283C86C300AD8E72 /* InfiniteCollectionView.swift */ = {isa = PBXFileReference; lastKnownFileType = sourcecode.swift; path = InfiniteCollectionView.swift; sourceTree = "<group>"; };
		CDF37496283CA2CB00AD8E72 /* DemoInfiniteCollectionViewController.swift */ = {isa = PBXFileReference; lastKnownFileType = sourcecode.swift; path = DemoInfiniteCollectionViewController.swift; sourceTree = "<group>"; };
		CDF37499283DD10700AD8E72 /* BlinkGridView.swift */ = {isa = PBXFileReference; lastKnownFileType = sourcecode.swift; path = BlinkGridView.swift; sourceTree = "<group>"; };
		CDF3749B283DD3AF00AD8E72 /* DemoBlinkGridViewController.swift */ = {isa = PBXFileReference; lastKnownFileType = sourcecode.swift; path = DemoBlinkGridViewController.swift; sourceTree = "<group>"; };
		CDF3749E283F595900AD8E72 /* PageSegmentView.swift */ = {isa = PBXFileReference; lastKnownFileType = sourcecode.swift; path = PageSegmentView.swift; sourceTree = "<group>"; };
		CDF374A0283F598500AD8E72 /* PageView.swift */ = {isa = PBXFileReference; lastKnownFileType = sourcecode.swift; path = PageView.swift; sourceTree = "<group>"; };
		CDF374A2283F605400AD8E72 /* PageSegmentCollectionViewCell.swift */ = {isa = PBXFileReference; lastKnownFileType = sourcecode.swift; path = PageSegmentCollectionViewCell.swift; sourceTree = "<group>"; };
		CDF374A6284080F700AD8E72 /* DemoPageContainerViewController.swift */ = {isa = PBXFileReference; lastKnownFileType = sourcecode.swift; path = DemoPageContainerViewController.swift; sourceTree = "<group>"; };
/* End PBXFileReference section */

/* Begin PBXFrameworksBuildPhase section */
		CDF37466283B85A100AD8E72 /* Frameworks */ = {
			isa = PBXFrameworksBuildPhase;
			buildActionMask = 2147483647;
			files = (
				CDF37488283B85E000AD8E72 /* RxSwift in Frameworks */,
				CDF37486283B85E000AD8E72 /* RxCocoa in Frameworks */,
				CDF37483283B85C600AD8E72 /* SnapKit in Frameworks */,
			);
			runOnlyForDeploymentPostprocessing = 0;
		};
/* End PBXFrameworksBuildPhase section */

/* Begin PBXGroup section */
		37B38D68285484F000C649F1 /* Xodi */ = {
			isa = PBXGroup;
			children = (
				37B38D69285484FE00C649F1 /* XodiViewController.swift */,
				37B38D6D285485C200C649F1 /* XodiCollectionViewCell.swift */,
				37B38D6F2854871E00C649F1 /* XodiPlayTypeView.swift */,
				37B38D712854875800C649F1 /* XodiPatternView.swift */,
			);
			path = Xodi;
			sourceTree = "<group>";
		};
		CDF37460283B85A100AD8E72 = {
			isa = PBXGroup;
			children = (
				CDF3746B283B85A100AD8E72 /* CannedSpinach */,
				CDF3746A283B85A100AD8E72 /* Products */,
			);
			sourceTree = "<group>";
		};
		CDF3746A283B85A100AD8E72 /* Products */ = {
			isa = PBXGroup;
			children = (
				CDF37469283B85A100AD8E72 /* CannedSpinach.app */,
			);
			name = Products;
			sourceTree = "<group>";
		};
		CDF3746B283B85A100AD8E72 /* CannedSpinach */ = {
			isa = PBXGroup;
			children = (
				CDF3746C283B85A100AD8E72 /* AppDelegate.swift */,
				CDF3746E283B85A100AD8E72 /* SceneDelegate.swift */,
				37B38D68285484F000C649F1 /* Xodi */,
				CDF3749D283F590C00AD8E72 /* PageContainer */,
				CDF37498283DCF3400AD8E72 /* BlinkGrid */,
				CDF37491283C833D00AD8E72 /* InfiniteCollectionView */,
				CDF3748C283B8A3700AD8E72 /* Extensions */,
				CDF37489283B870100AD8E72 /* Helpers */,
				CDF37480283B85B000AD8E72 /* Demo */,
				CDF37472283B85A100AD8E72 /* Main.storyboard */,
				CDF37475283B85A200AD8E72 /* Assets.xcassets */,
				CDF37477283B85A200AD8E72 /* LaunchScreen.storyboard */,
				CDF3747A283B85A200AD8E72 /* Info.plist */,
			);
			path = CannedSpinach;
			sourceTree = "<group>";
		};
		CDF37480283B85B000AD8E72 /* Demo */ = {
			isa = PBXGroup;
			children = (
				CDF37470283B85A100AD8E72 /* ViewController.swift */,
				CDF3748F283C81A600AD8E72 /* DemoList.swift */,
			);
			path = Demo;
			sourceTree = "<group>";
		};
		CDF37489283B870100AD8E72 /* Helpers */ = {
			isa = PBXGroup;
			children = (
				CDF3748A283B87D300AD8E72 /* Operators.swift */,
			);
			path = Helpers;
			sourceTree = "<group>";
		};
		CDF3748C283B8A3700AD8E72 /* Extensions */ = {
			isa = PBXGroup;
			children = (
				CDF3748D283B8A4700AD8E72 /* Cell+Ext.swift */,
			);
			path = Extensions;
			sourceTree = "<group>";
		};
		CDF37491283C833D00AD8E72 /* InfiniteCollectionView */ = {
			isa = PBXGroup;
			children = (
				CDF37494283C86C300AD8E72 /* InfiniteCollectionView.swift */,
				CDF37496283CA2CB00AD8E72 /* DemoInfiniteCollectionViewController.swift */,
			);
			path = InfiniteCollectionView;
			sourceTree = "<group>";
		};
		CDF37498283DCF3400AD8E72 /* BlinkGrid */ = {
			isa = PBXGroup;
			children = (
				CDF37499283DD10700AD8E72 /* BlinkGridView.swift */,
				CDF3749B283DD3AF00AD8E72 /* DemoBlinkGridViewController.swift */,
			);
			path = BlinkGrid;
			sourceTree = "<group>";
		};
		CDF3749D283F590C00AD8E72 /* PageContainer */ = {
			isa = PBXGroup;
			children = (
				CDF3749E283F595900AD8E72 /* PageSegmentView.swift */,
				CDF374A6284080F700AD8E72 /* DemoPageContainerViewController.swift */,
				CDF374A2283F605400AD8E72 /* PageSegmentCollectionViewCell.swift */,
				CDF374A0283F598500AD8E72 /* PageView.swift */,
			);
			path = PageContainer;
			sourceTree = "<group>";
		};
/* End PBXGroup section */

/* Begin PBXNativeTarget section */
		CDF37468283B85A100AD8E72 /* CannedSpinach */ = {
			isa = PBXNativeTarget;
			buildConfigurationList = CDF3747D283B85A200AD8E72 /* Build configuration list for PBXNativeTarget "CannedSpinach" */;
			buildPhases = (
				CDF37465283B85A100AD8E72 /* Sources */,
				CDF37466283B85A100AD8E72 /* Frameworks */,
				CDF37467283B85A100AD8E72 /* Resources */,
			);
			buildRules = (
			);
			dependencies = (
			);
			name = CannedSpinach;
			packageProductDependencies = (
				CDF37482283B85C600AD8E72 /* SnapKit */,
				CDF37485283B85E000AD8E72 /* RxCocoa */,
				CDF37487283B85E000AD8E72 /* RxSwift */,
			);
			productName = CannedSpinach;
			productReference = CDF37469283B85A100AD8E72 /* CannedSpinach.app */;
			productType = "com.apple.product-type.application";
		};
/* End PBXNativeTarget section */

/* Begin PBXProject section */
		CDF37461283B85A100AD8E72 /* Project object */ = {
			isa = PBXProject;
			attributes = {
				BuildIndependentTargetsInParallel = 1;
				LastSwiftUpdateCheck = 1320;
				LastUpgradeCheck = 1320;
				TargetAttributes = {
					CDF37468283B85A100AD8E72 = {
						CreatedOnToolsVersion = 13.2.1;
					};
				};
			};
			buildConfigurationList = CDF37464283B85A100AD8E72 /* Build configuration list for PBXProject "CannedSpinach" */;
			compatibilityVersion = "Xcode 13.0";
			developmentRegion = en;
			hasScannedForEncodings = 0;
			knownRegions = (
				en,
				Base,
			);
			mainGroup = CDF37460283B85A100AD8E72;
			packageReferences = (
				CDF37481283B85C600AD8E72 /* XCRemoteSwiftPackageReference "SnapKit" */,
				CDF37484283B85E000AD8E72 /* XCRemoteSwiftPackageReference "RxSwift" */,
			);
			productRefGroup = CDF3746A283B85A100AD8E72 /* Products */;
			projectDirPath = "";
			projectRoot = "";
			targets = (
				CDF37468283B85A100AD8E72 /* CannedSpinach */,
			);
		};
/* End PBXProject section */

/* Begin PBXResourcesBuildPhase section */
		CDF37467283B85A100AD8E72 /* Resources */ = {
			isa = PBXResourcesBuildPhase;
			buildActionMask = 2147483647;
			files = (
				CDF37479283B85A200AD8E72 /* LaunchScreen.storyboard in Resources */,
				CDF37476283B85A200AD8E72 /* Assets.xcassets in Resources */,
				CDF37474283B85A100AD8E72 /* Main.storyboard in Resources */,
			);
			runOnlyForDeploymentPostprocessing = 0;
		};
/* End PBXResourcesBuildPhase section */

/* Begin PBXSourcesBuildPhase section */
		CDF37465283B85A100AD8E72 /* Sources */ = {
			isa = PBXSourcesBuildPhase;
			buildActionMask = 2147483647;
			files = (
				CDF3748E283B8A4700AD8E72 /* Cell+Ext.swift in Sources */,
				CDF374A1283F598500AD8E72 /* PageView.swift in Sources */,
				37B38D6E285485C200C649F1 /* XodiCollectionViewCell.swift in Sources */,
				37B38D722854875800C649F1 /* XodiPatternView.swift in Sources */,
				CDF374A3283F605400AD8E72 /* PageSegmentCollectionViewCell.swift in Sources */,
				37B38D6A285484FE00C649F1 /* XodiViewController.swift in Sources */,
				CDF37471283B85A100AD8E72 /* ViewController.swift in Sources */,
				CDF3749C283DD3AF00AD8E72 /* DemoBlinkGridViewController.swift in Sources */,
				CDF3748B283B87D300AD8E72 /* Operators.swift in Sources */,
				CDF374A7284080F700AD8E72 /* DemoPageContainerViewController.swift in Sources */,
				CDF3749A283DD10700AD8E72 /* BlinkGridView.swift in Sources */,
				CDF37497283CA2CB00AD8E72 /* DemoInfiniteCollectionViewController.swift in Sources */,
				CDF3746D283B85A100AD8E72 /* AppDelegate.swift in Sources */,
				CDF3749F283F595900AD8E72 /* PageSegmentView.swift in Sources */,
				CDF37490283C81A600AD8E72 /* DemoList.swift in Sources */,
				37B38D702854871E00C649F1 /* XodiPlayTypeView.swift in Sources */,
				CDF3746F283B85A100AD8E72 /* SceneDelegate.swift in Sources */,
				CDF37495283C86C300AD8E72 /* InfiniteCollectionView.swift in Sources */,
			);
			runOnlyForDeploymentPostprocessing = 0;
		};
/* End PBXSourcesBuildPhase section */

/* Begin PBXVariantGroup section */
		CDF37472283B85A100AD8E72 /* Main.storyboard */ = {
			isa = PBXVariantGroup;
			children = (
				CDF37473283B85A100AD8E72 /* Base */,
			);
			name = Main.storyboard;
			sourceTree = "<group>";
		};
		CDF37477283B85A200AD8E72 /* LaunchScreen.storyboard */ = {
			isa = PBXVariantGroup;
			children = (
				CDF37478283B85A200AD8E72 /* Base */,
			);
			name = LaunchScreen.storyboard;
			sourceTree = "<group>";
		};
/* End PBXVariantGroup section */

/* Begin XCBuildConfiguration section */
		CDF3747B283B85A200AD8E72 /* Debug */ = {
			isa = XCBuildConfiguration;
			buildSettings = {
				ALWAYS_SEARCH_USER_PATHS = NO;
				CLANG_ANALYZER_NONNULL = YES;
				CLANG_ANALYZER_NUMBER_OBJECT_CONVERSION = YES_AGGRESSIVE;
				CLANG_CXX_LANGUAGE_STANDARD = "gnu++17";
				CLANG_CXX_LIBRARY = "libc++";
				CLANG_ENABLE_MODULES = YES;
				CLANG_ENABLE_OBJC_ARC = YES;
				CLANG_ENABLE_OBJC_WEAK = YES;
				CLANG_WARN_BLOCK_CAPTURE_AUTORELEASING = YES;
				CLANG_WARN_BOOL_CONVERSION = YES;
				CLANG_WARN_COMMA = YES;
				CLANG_WARN_CONSTANT_CONVERSION = YES;
				CLANG_WARN_DEPRECATED_OBJC_IMPLEMENTATIONS = YES;
				CLANG_WARN_DIRECT_OBJC_ISA_USAGE = YES_ERROR;
				CLANG_WARN_DOCUMENTATION_COMMENTS = YES;
				CLANG_WARN_EMPTY_BODY = YES;
				CLANG_WARN_ENUM_CONVERSION = YES;
				CLANG_WARN_INFINITE_RECURSION = YES;
				CLANG_WARN_INT_CONVERSION = YES;
				CLANG_WARN_NON_LITERAL_NULL_CONVERSION = YES;
				CLANG_WARN_OBJC_IMPLICIT_RETAIN_SELF = YES;
				CLANG_WARN_OBJC_LITERAL_CONVERSION = YES;
				CLANG_WARN_OBJC_ROOT_CLASS = YES_ERROR;
				CLANG_WARN_QUOTED_INCLUDE_IN_FRAMEWORK_HEADER = YES;
				CLANG_WARN_RANGE_LOOP_ANALYSIS = YES;
				CLANG_WARN_STRICT_PROTOTYPES = YES;
				CLANG_WARN_SUSPICIOUS_MOVE = YES;
				CLANG_WARN_UNGUARDED_AVAILABILITY = YES_AGGRESSIVE;
				CLANG_WARN_UNREACHABLE_CODE = YES;
				CLANG_WARN__DUPLICATE_METHOD_MATCH = YES;
				COPY_PHASE_STRIP = NO;
				DEBUG_INFORMATION_FORMAT = dwarf;
				ENABLE_STRICT_OBJC_MSGSEND = YES;
				ENABLE_TESTABILITY = YES;
				GCC_C_LANGUAGE_STANDARD = gnu11;
				GCC_DYNAMIC_NO_PIC = NO;
				GCC_NO_COMMON_BLOCKS = YES;
				GCC_OPTIMIZATION_LEVEL = 0;
				GCC_PREPROCESSOR_DEFINITIONS = (
					"DEBUG=1",
					"$(inherited)",
				);
				GCC_WARN_64_TO_32_BIT_CONVERSION = YES;
				GCC_WARN_ABOUT_RETURN_TYPE = YES_ERROR;
				GCC_WARN_UNDECLARED_SELECTOR = YES;
				GCC_WARN_UNINITIALIZED_AUTOS = YES_AGGRESSIVE;
				GCC_WARN_UNUSED_FUNCTION = YES;
				GCC_WARN_UNUSED_VARIABLE = YES;
				IPHONEOS_DEPLOYMENT_TARGET = 15.2;
				MTL_ENABLE_DEBUG_INFO = INCLUDE_SOURCE;
				MTL_FAST_MATH = YES;
				ONLY_ACTIVE_ARCH = YES;
				SDKROOT = iphoneos;
				SWIFT_ACTIVE_COMPILATION_CONDITIONS = DEBUG;
				SWIFT_OPTIMIZATION_LEVEL = "-Onone";
			};
			name = Debug;
		};
		CDF3747C283B85A200AD8E72 /* Release */ = {
			isa = XCBuildConfiguration;
			buildSettings = {
				ALWAYS_SEARCH_USER_PATHS = NO;
				CLANG_ANALYZER_NONNULL = YES;
				CLANG_ANALYZER_NUMBER_OBJECT_CONVERSION = YES_AGGRESSIVE;
				CLANG_CXX_LANGUAGE_STANDARD = "gnu++17";
				CLANG_CXX_LIBRARY = "libc++";
				CLANG_ENABLE_MODULES = YES;
				CLANG_ENABLE_OBJC_ARC = YES;
				CLANG_ENABLE_OBJC_WEAK = YES;
				CLANG_WARN_BLOCK_CAPTURE_AUTORELEASING = YES;
				CLANG_WARN_BOOL_CONVERSION = YES;
				CLANG_WARN_COMMA = YES;
				CLANG_WARN_CONSTANT_CONVERSION = YES;
				CLANG_WARN_DEPRECATED_OBJC_IMPLEMENTATIONS = YES;
				CLANG_WARN_DIRECT_OBJC_ISA_USAGE = YES_ERROR;
				CLANG_WARN_DOCUMENTATION_COMMENTS = YES;
				CLANG_WARN_EMPTY_BODY = YES;
				CLANG_WARN_ENUM_CONVERSION = YES;
				CLANG_WARN_INFINITE_RECURSION = YES;
				CLANG_WARN_INT_CONVERSION = YES;
				CLANG_WARN_NON_LITERAL_NULL_CONVERSION = YES;
				CLANG_WARN_OBJC_IMPLICIT_RETAIN_SELF = YES;
				CLANG_WARN_OBJC_LITERAL_CONVERSION = YES;
				CLANG_WARN_OBJC_ROOT_CLASS = YES_ERROR;
				CLANG_WARN_QUOTED_INCLUDE_IN_FRAMEWORK_HEADER = YES;
				CLANG_WARN_RANGE_LOOP_ANALYSIS = YES;
				CLANG_WARN_STRICT_PROTOTYPES = YES;
				CLANG_WARN_SUSPICIOUS_MOVE = YES;
				CLANG_WARN_UNGUARDED_AVAILABILITY = YES_AGGRESSIVE;
				CLANG_WARN_UNREACHABLE_CODE = YES;
				CLANG_WARN__DUPLICATE_METHOD_MATCH = YES;
				COPY_PHASE_STRIP = NO;
				DEBUG_INFORMATION_FORMAT = "dwarf-with-dsym";
				ENABLE_NS_ASSERTIONS = NO;
				ENABLE_STRICT_OBJC_MSGSEND = YES;
				GCC_C_LANGUAGE_STANDARD = gnu11;
				GCC_NO_COMMON_BLOCKS = YES;
				GCC_WARN_64_TO_32_BIT_CONVERSION = YES;
				GCC_WARN_ABOUT_RETURN_TYPE = YES_ERROR;
				GCC_WARN_UNDECLARED_SELECTOR = YES;
				GCC_WARN_UNINITIALIZED_AUTOS = YES_AGGRESSIVE;
				GCC_WARN_UNUSED_FUNCTION = YES;
				GCC_WARN_UNUSED_VARIABLE = YES;
				IPHONEOS_DEPLOYMENT_TARGET = 15.2;
				MTL_ENABLE_DEBUG_INFO = NO;
				MTL_FAST_MATH = YES;
				SDKROOT = iphoneos;
				SWIFT_COMPILATION_MODE = wholemodule;
				SWIFT_OPTIMIZATION_LEVEL = "-O";
				VALIDATE_PRODUCT = YES;
			};
			name = Release;
		};
		CDF3747E283B85A200AD8E72 /* Debug */ = {
			isa = XCBuildConfiguration;
			buildSettings = {
				ASSETCATALOG_COMPILER_APPICON_NAME = AppIcon;
				ASSETCATALOG_COMPILER_GLOBAL_ACCENT_COLOR_NAME = AccentColor;
				CODE_SIGN_STYLE = Automatic;
				CURRENT_PROJECT_VERSION = 1;
				DEVELOPMENT_TEAM = 7588T3DZY6;
				GENERATE_INFOPLIST_FILE = YES;
				INFOPLIST_FILE = CannedSpinach/Info.plist;
				INFOPLIST_KEY_UIApplicationSupportsIndirectInputEvents = YES;
				INFOPLIST_KEY_UILaunchStoryboardName = LaunchScreen;
				INFOPLIST_KEY_UIMainStoryboardFile = Main;
				INFOPLIST_KEY_UISupportedInterfaceOrientations_iPad = "UIInterfaceOrientationPortrait UIInterfaceOrientationPortraitUpsideDown UIInterfaceOrientationLandscapeLeft UIInterfaceOrientationLandscapeRight";
				INFOPLIST_KEY_UISupportedInterfaceOrientations_iPhone = "UIInterfaceOrientationPortrait UIInterfaceOrientationLandscapeLeft UIInterfaceOrientationLandscapeRight";
				LD_RUNPATH_SEARCH_PATHS = (
					"$(inherited)",
					"@executable_path/Frameworks",
				);
				MARKETING_VERSION = 1.0;
				PRODUCT_BUNDLE_IDENTIFIER = com.pin.CannedSpinach;
				PRODUCT_NAME = "$(TARGET_NAME)";
				SWIFT_EMIT_LOC_STRINGS = YES;
				SWIFT_VERSION = 5.0;
				TARGETED_DEVICE_FAMILY = "1,2";
			};
			name = Debug;
		};
		CDF3747F283B85A200AD8E72 /* Release */ = {
			isa = XCBuildConfiguration;
			buildSettings = {
				ASSETCATALOG_COMPILER_APPICON_NAME = AppIcon;
				ASSETCATALOG_COMPILER_GLOBAL_ACCENT_COLOR_NAME = AccentColor;
				CODE_SIGN_STYLE = Automatic;
				CURRENT_PROJECT_VERSION = 1;
				DEVELOPMENT_TEAM = 7588T3DZY6;
				GENERATE_INFOPLIST_FILE = YES;
				INFOPLIST_FILE = CannedSpinach/Info.plist;
				INFOPLIST_KEY_UIApplicationSupportsIndirectInputEvents = YES;
				INFOPLIST_KEY_UILaunchStoryboardName = LaunchScreen;
				INFOPLIST_KEY_UIMainStoryboardFile = Main;
				INFOPLIST_KEY_UISupportedInterfaceOrientations_iPad = "UIInterfaceOrientationPortrait UIInterfaceOrientationPortraitUpsideDown UIInterfaceOrientationLandscapeLeft UIInterfaceOrientationLandscapeRight";
				INFOPLIST_KEY_UISupportedInterfaceOrientations_iPhone = "UIInterfaceOrientationPortrait UIInterfaceOrientationLandscapeLeft UIInterfaceOrientationLandscapeRight";
				LD_RUNPATH_SEARCH_PATHS = (
					"$(inherited)",
					"@executable_path/Frameworks",
				);
				MARKETING_VERSION = 1.0;
				PRODUCT_BUNDLE_IDENTIFIER = com.pin.CannedSpinach;
				PRODUCT_NAME = "$(TARGET_NAME)";
				SWIFT_EMIT_LOC_STRINGS = YES;
				SWIFT_VERSION = 5.0;
				TARGETED_DEVICE_FAMILY = "1,2";
			};
			name = Release;
		};
/* End XCBuildConfiguration section */

/* Begin XCConfigurationList section */
		CDF37464283B85A100AD8E72 /* Build configuration list for PBXProject "CannedSpinach" */ = {
			isa = XCConfigurationList;
			buildConfigurations = (
				CDF3747B283B85A200AD8E72 /* Debug */,
				CDF3747C283B85A200AD8E72 /* Release */,
			);
			defaultConfigurationIsVisible = 0;
			defaultConfigurationName = Release;
		};
		CDF3747D283B85A200AD8E72 /* Build configuration list for PBXNativeTarget "CannedSpinach" */ = {
			isa = XCConfigurationList;
			buildConfigurations = (
				CDF3747E283B85A200AD8E72 /* Debug */,
				CDF3747F283B85A200AD8E72 /* Release */,
			);
			defaultConfigurationIsVisible = 0;
			defaultConfigurationName = Release;
		};
/* End XCConfigurationList section */

/* Begin XCRemoteSwiftPackageReference section */
		CDF37481283B85C600AD8E72 /* XCRemoteSwiftPackageReference "SnapKit" */ = {
			isa = XCRemoteSwiftPackageReference;
			repositoryURL = "https://github.com/SnapKit/SnapKit";
			requirement = {
				branch = develop;
				kind = branch;
			};
		};
		CDF37484283B85E000AD8E72 /* XCRemoteSwiftPackageReference "RxSwift" */ = {
			isa = XCRemoteSwiftPackageReference;
			repositoryURL = "https://github.com/ReactiveX/RxSwift";
			requirement = {
				branch = main;
				kind = branch;
			};
		};
/* End XCRemoteSwiftPackageReference section */

/* Begin XCSwiftPackageProductDependency section */
		CDF37482283B85C600AD8E72 /* SnapKit */ = {
			isa = XCSwiftPackageProductDependency;
			package = CDF37481283B85C600AD8E72 /* XCRemoteSwiftPackageReference "SnapKit" */;
			productName = SnapKit;
		};
		CDF37485283B85E000AD8E72 /* RxCocoa */ = {
			isa = XCSwiftPackageProductDependency;
			package = CDF37484283B85E000AD8E72 /* XCRemoteSwiftPackageReference "RxSwift" */;
			productName = RxCocoa;
		};
		CDF37487283B85E000AD8E72 /* RxSwift */ = {
			isa = XCSwiftPackageProductDependency;
			package = CDF37484283B85E000AD8E72 /* XCRemoteSwiftPackageReference "RxSwift" */;
			productName = RxSwift;
		};
/* End XCSwiftPackageProductDependency section */
	};
	rootObject = CDF37461283B85A100AD8E72 /* Project object */;
}
